Microsoft Visual Studio Solution File, Format Version 12.00
# Visual Studio Version 16
VisualStudioVersion = 16.0.29102.190
MinimumVisualStudioVersion = 10.0.40219.1
Project("{9A19103F-16F7-4668-BE54-9A1E7A4F7556}") = "SRTS", "SRTS.csproj", "{9C84A414-98D2-46F9-8469-4EBF0B48C014}"
EndProject
Global
	GlobalSection(SolutionConfigurationPlatforms) = preSolution
		Debug|Any CPU = Debug|Any CPU
		Release|Any CPU = Release|Any CPU
	EndGlobalSection
	GlobalSection(ProjectConfigurationPlatforms) = postSolution
		{9C84A414-98D2-46F9-8469-4EBF0B48C014}.Debug|Any CPU.ActiveCfg = Debug|Any CPU
		{9C84A414-98D2-46F9-8469-4EBF0B48C014}.Debug|Any CPU.Build.0 = Debug|Any CPU
		{9C84A414-98D2-46F9-8469-4EBF0B48C014}.Release|Any CPU.ActiveCfg = Release|Any CPU
		{9C84A414-98D2-46F9-8469-4EBF0B48C014}.Release|Any CPU.Build.0 = Release|Any CPU
	EndGlobalSection
	GlobalSection(SolutionProperties) = preSolution
		HideSolutionNode = FALSE
	EndGlobalSection
	GlobalSection(ExtensibilityGlobals) = postSolution
		SolutionGuid = {95EEC90A-CC77-4F3C-98D2-D4EF7891CC4E}
	EndGlobalSection
EndGlobal
